
Microsoft Visual Studio Solution File, Format Version 12.00
# Visual Studio Version 17
VisualStudioVersion = 17.8.34330.188
MinimumVisualStudioVersion = 10.0.40219.1
Project("{FAE04EC0-301F-11D3-BF4B-00C04F79EFBC}") = "StudentEnrollmentApi", "StudentEnrollmentApi\StudentEnrollmentApi.csproj", "{35E0B64E-7080-4815-8DAD-D079496A2673}"
EndProject
Project("{FAE04EC0-301F-11D3-BF4B-00C04F79EFBC}") = "StudentEnrollment.Data", "StudentEnrollment.Data\StudentEnrollment.Data.csproj", "{665C8AA1-E626-4CF8-9630-8368914FBC16}"
EndProject
Global
	GlobalSection(SolutionConfigurationPlatforms) = preSolution
		Debug|Any CPU = Debug|Any CPU
		Release|Any CPU = Release|Any CPU
	EndGlobalSection
	GlobalSection(ProjectConfigurationPlatforms) = postSolution
		{35E0B64E-7080-4815-8DAD-D079496A2673}.Debug|Any CPU.ActiveCfg = Debug|Any CPU
		{35E0B64E-7080-4815-8DAD-D079496A2673}.Debug|Any CPU.Build.0 = Debug|Any CPU
		{35E0B64E-7080-4815-8DAD-D079496A2673}.Release|Any CPU.ActiveCfg = Release|Any CPU
		{35E0B64E-7080-4815-8DAD-D079496A2673}.Release|Any CPU.Build.0 = Release|Any CPU
		{665C8AA1-E626-4CF8-9630-8368914FBC16}.Debug|Any CPU.ActiveCfg = Debug|Any CPU
		{665C8AA1-E626-4CF8-9630-8368914FBC16}.Debug|Any CPU.Build.0 = Debug|Any CPU
		{665C8AA1-E626-4CF8-9630-8368914FBC16}.Release|Any CPU.ActiveCfg = Release|Any CPU
		{665C8AA1-E626-4CF8-9630-8368914FBC16}.Release|Any CPU.Build.0 = Release|Any CPU
	EndGlobalSection
	GlobalSection(SolutionProperties) = preSolution
		HideSolutionNode = FALSE
	EndGlobalSection
	GlobalSection(ExtensibilityGlobals) = postSolution
		SolutionGuid = {FD334B85-F6BE-4738-A809-11188E3A4889}
	EndGlobalSection
EndGlobal
